// !$*UTF8*$!
{
	archiveVersion = 1;
	classes = {
	};
	objectVersion = 51;
	objects = {

/* Begin PBXBuildFile section */
		B09E89C4F520411588653F8E /* Pods_GithubSearch.framework in Frameworks */ = {isa = PBXBuildFile; fileRef = 35E5A222BBD46C83C351551B /* Pods_GithubSearch.framework */; };
		C0CD999226DF7FE900E1362F /* AppDelegate.swift in Sources */ = {isa = PBXBuildFile; fileRef = C0CD999126DF7FE900E1362F /* AppDelegate.swift */; };
		C0CD999426DF7FE900E1362F /* SceneDelegate.swift in Sources */ = {isa = PBXBuildFile; fileRef = C0CD999326DF7FE900E1362F /* SceneDelegate.swift */; };
		C0CD999B26DF7FEC00E1362F /* Assets.xcassets in Resources */ = {isa = PBXBuildFile; fileRef = C0CD999A26DF7FEC00E1362F /* Assets.xcassets */; };
		C0CD999E26DF7FEC00E1362F /* LaunchScreen.storyboard in Resources */ = {isa = PBXBuildFile; fileRef = C0CD999C26DF7FEC00E1362F /* LaunchScreen.storyboard */; };
		C0CD99C326DF88D700E1362F /* LocalizedStringEnum.swift in Sources */ = {isa = PBXBuildFile; fileRef = C0CD99A626DF88D600E1362F /* LocalizedStringEnum.swift */; };
		C0CD99C426DF88D700E1362F /* SegueIdentifierEnum.swift in Sources */ = {isa = PBXBuildFile; fileRef = C0CD99A726DF88D600E1362F /* SegueIdentifierEnum.swift */; };
		C0CD99C526DF88D700E1362F /* NibNameEnum.swift in Sources */ = {isa = PBXBuildFile; fileRef = C0CD99A826DF88D600E1362F /* NibNameEnum.swift */; };
		C0CD99C626DF88D700E1362F /* QueryEnum.swift in Sources */ = {isa = PBXBuildFile; fileRef = C0CD99A926DF88D600E1362F /* QueryEnum.swift */; };
		C0CD99C726DF88D700E1362F /* ApiUrlEnum.swift in Sources */ = {isa = PBXBuildFile; fileRef = C0CD99AA26DF88D600E1362F /* ApiUrlEnum.swift */; };
		C0CD99C826DF88D700E1362F /* String+Extension.swift in Sources */ = {isa = PBXBuildFile; fileRef = C0CD99AC26DF88D600E1362F /* String+Extension.swift */; };
		C0CD99C926DF88D700E1362F /* URLComponents+Extension.swift in Sources */ = {isa = PBXBuildFile; fileRef = C0CD99AD26DF88D600E1362F /* URLComponents+Extension.swift */; };
		C0CD99CA26DF88D700E1362F /* RepositoryCell.swift in Sources */ = {isa = PBXBuildFile; fileRef = C0CD99AF26DF88D600E1362F /* RepositoryCell.swift */; };
		C0CD99CB26DF88D700E1362F /* RepositoryCell.xib in Resources */ = {isa = PBXBuildFile; fileRef = C0CD99B026DF88D600E1362F /* RepositoryCell.xib */; };
		C0CD99CC26DF88D700E1362F /* error.json in Resources */ = {isa = PBXBuildFile; fileRef = C0CD99B226DF88D600E1362F /* error.json */; };
		C0CD99CD26DF88D700E1362F /* loading.json in Resources */ = {isa = PBXBuildFile; fileRef = C0CD99B326DF88D600E1362F /* loading.json */; };
		C0CD99CE26DF88D700E1362F /* searching.json in Resources */ = {isa = PBXBuildFile; fileRef = C0CD99B426DF88D600E1362F /* searching.json */; };
		C0CD99CF26DF88D700E1362F /* Repository.swift in Sources */ = {isa = PBXBuildFile; fileRef = C0CD99B626DF88D700E1362F /* Repository.swift */; };
		C0CD99D026DF88D700E1362F /* SearchViewModel.swift in Sources */ = {isa = PBXBuildFile; fileRef = C0CD99B826DF88D700E1362F /* SearchViewModel.swift */; };
		C0CD99D126DF88D700E1362F /* CustomDataSource.swift in Sources */ = {isa = PBXBuildFile; fileRef = C0CD99B926DF88D700E1362F /* CustomDataSource.swift */; };
		C0CD99D226DF88D700E1362F /* APIService.swift in Sources */ = {isa = PBXBuildFile; fileRef = C0CD99BB26DF88D700E1362F /* APIService.swift */; };
		C0CD99D326DF88D700E1362F /* WebView.storyboard in Resources */ = {isa = PBXBuildFile; fileRef = C0CD99BE26DF88D700E1362F /* WebView.storyboard */; };
		C0CD99D426DF88D700E1362F /* WebViewController.swift in Sources */ = {isa = PBXBuildFile; fileRef = C0CD99BF26DF88D700E1362F /* WebViewController.swift */; };
		C0CD99D526DF88D700E1362F /* SearchViewController.swift in Sources */ = {isa = PBXBuildFile; fileRef = C0CD99C126DF88D700E1362F /* SearchViewController.swift */; };
		C0CD99D626DF88D700E1362F /* Search.storyboard in Resources */ = {isa = PBXBuildFile; fileRef = C0CD99C226DF88D700E1362F /* Search.storyboard */; };
/* End PBXBuildFile section */

/* Begin PBXFileReference section */
		35E5A222BBD46C83C351551B /* Pods_GithubSearch.framework */ = {isa = PBXFileReference; explicitFileType = wrapper.framework; includeInIndex = 0; path = Pods_GithubSearch.framework; sourceTree = BUILT_PRODUCTS_DIR; };
		68789B7A09E039AC9C261ED8 /* Pods-GithubSearch.release.xcconfig */ = {isa = PBXFileReference; includeInIndex = 1; lastKnownFileType = text.xcconfig; name = "Pods-GithubSearch.release.xcconfig"; path = "Target Support Files/Pods-GithubSearch/Pods-GithubSearch.release.xcconfig"; sourceTree = "<group>"; };
		C0CD998E26DF7FE900E1362F /* GithubSearch.app */ = {isa = PBXFileReference; explicitFileType = wrapper.application; includeInIndex = 0; path = GithubSearch.app; sourceTree = BUILT_PRODUCTS_DIR; };
		C0CD999126DF7FE900E1362F /* AppDelegate.swift */ = {isa = PBXFileReference; lastKnownFileType = sourcecode.swift; path = AppDelegate.swift; sourceTree = "<group>"; };
		C0CD999326DF7FE900E1362F /* SceneDelegate.swift */ = {isa = PBXFileReference; lastKnownFileType = sourcecode.swift; path = SceneDelegate.swift; sourceTree = "<group>"; };
		C0CD999A26DF7FEC00E1362F /* Assets.xcassets */ = {isa = PBXFileReference; lastKnownFileType = folder.assetcatalog; path = Assets.xcassets; sourceTree = "<group>"; };
		C0CD999D26DF7FEC00E1362F /* Base */ = {isa = PBXFileReference; lastKnownFileType = file.storyboard; name = Base; path = Base.lproj/LaunchScreen.storyboard; sourceTree = "<group>"; };
		C0CD999F26DF7FEC00E1362F /* Info.plist */ = {isa = PBXFileReference; lastKnownFileType = text.plist.xml; path = Info.plist; sourceTree = "<group>"; };
		C0CD99A626DF88D600E1362F /* LocalizedStringEnum.swift */ = {isa = PBXFileReference; fileEncoding = 4; lastKnownFileType = sourcecode.swift; path = LocalizedStringEnum.swift; sourceTree = "<group>"; };
		C0CD99A726DF88D600E1362F /* SegueIdentifierEnum.swift */ = {isa = PBXFileReference; fileEncoding = 4; lastKnownFileType = sourcecode.swift; path = SegueIdentifierEnum.swift; sourceTree = "<group>"; };
		C0CD99A826DF88D600E1362F /* NibNameEnum.swift */ = {isa = PBXFileReference; fileEncoding = 4; lastKnownFileType = sourcecode.swift; path = NibNameEnum.swift; sourceTree = "<group>"; };
		C0CD99A926DF88D600E1362F /* QueryEnum.swift */ = {isa = PBXFileReference; fileEncoding = 4; lastKnownFileType = sourcecode.swift; path = QueryEnum.swift; sourceTree = "<group>"; };
		C0CD99AA26DF88D600E1362F /* ApiUrlEnum.swift */ = {isa = PBXFileReference; fileEncoding = 4; lastKnownFileType = sourcecode.swift; path = ApiUrlEnum.swift; sourceTree = "<group>"; };
		C0CD99AC26DF88D600E1362F /* String+Extension.swift */ = {isa = PBXFileReference; fileEncoding = 4; lastKnownFileType = sourcecode.swift; path = "String+Extension.swift"; sourceTree = "<group>"; };
		C0CD99AD26DF88D600E1362F /* URLComponents+Extension.swift */ = {isa = PBXFileReference; fileEncoding = 4; lastKnownFileType = sourcecode.swift; path = "URLComponents+Extension.swift"; sourceTree = "<group>"; };
		C0CD99AF26DF88D600E1362F /* RepositoryCell.swift */ = {isa = PBXFileReference; fileEncoding = 4; lastKnownFileType = sourcecode.swift; path = RepositoryCell.swift; sourceTree = "<group>"; };
		C0CD99B026DF88D600E1362F /* RepositoryCell.xib */ = {isa = PBXFileReference; fileEncoding = 4; lastKnownFileType = file.xib; path = RepositoryCell.xib; sourceTree = "<group>"; };
		C0CD99B226DF88D600E1362F /* error.json */ = {isa = PBXFileReference; fileEncoding = 4; lastKnownFileType = text.json; path = error.json; sourceTree = "<group>"; };
		C0CD99B326DF88D600E1362F /* loading.json */ = {isa = PBXFileReference; fileEncoding = 4; lastKnownFileType = text.json; path = loading.json; sourceTree = "<group>"; };
		C0CD99B426DF88D600E1362F /* searching.json */ = {isa = PBXFileReference; fileEncoding = 4; lastKnownFileType = text.json; path = searching.json; sourceTree = "<group>"; };
		C0CD99B626DF88D700E1362F /* Repository.swift */ = {isa = PBXFileReference; fileEncoding = 4; lastKnownFileType = sourcecode.swift; path = Repository.swift; sourceTree = "<group>"; };
		C0CD99B826DF88D700E1362F /* SearchViewModel.swift */ = {isa = PBXFileReference; fileEncoding = 4; lastKnownFileType = sourcecode.swift; path = SearchViewModel.swift; sourceTree = "<group>"; };
		C0CD99B926DF88D700E1362F /* CustomDataSource.swift */ = {isa = PBXFileReference; fileEncoding = 4; lastKnownFileType = sourcecode.swift; path = CustomDataSource.swift; sourceTree = "<group>"; };
		C0CD99BB26DF88D700E1362F /* APIService.swift */ = {isa = PBXFileReference; fileEncoding = 4; lastKnownFileType = sourcecode.swift; path = APIService.swift; sourceTree = "<group>"; };
		C0CD99BE26DF88D700E1362F /* WebView.storyboard */ = {isa = PBXFileReference; fileEncoding = 4; lastKnownFileType = file.storyboard; path = WebView.storyboard; sourceTree = "<group>"; };
		C0CD99BF26DF88D700E1362F /* WebViewController.swift */ = {isa = PBXFileReference; fileEncoding = 4; lastKnownFileType = sourcecode.swift; path = WebViewController.swift; sourceTree = "<group>"; };
		C0CD99C126DF88D700E1362F /* SearchViewController.swift */ = {isa = PBXFileReference; fileEncoding = 4; lastKnownFileType = sourcecode.swift; path = SearchViewController.swift; sourceTree = "<group>"; };
		C0CD99C226DF88D700E1362F /* Search.storyboard */ = {isa = PBXFileReference; fileEncoding = 4; lastKnownFileType = file.storyboard; path = Search.storyboard; sourceTree = "<group>"; };
		DD88E75E4F9E9FEB1BD1A395 /* Pods-GithubSearch.debug.xcconfig */ = {isa = PBXFileReference; includeInIndex = 1; lastKnownFileType = text.xcconfig; name = "Pods-GithubSearch.debug.xcconfig"; path = "Target Support Files/Pods-GithubSearch/Pods-GithubSearch.debug.xcconfig"; sourceTree = "<group>"; };
/* End PBXFileReference section */

/* Begin PBXFrameworksBuildPhase section */
		C0CD998B26DF7FE900E1362F /* Frameworks */ = {
			isa = PBXFrameworksBuildPhase;
			buildActionMask = 2147483647;
			files = (
				B09E89C4F520411588653F8E /* Pods_GithubSearch.framework in Frameworks */,
			);
			runOnlyForDeploymentPostprocessing = 0;
		};
/* End PBXFrameworksBuildPhase section */

/* Begin PBXGroup section */
		1E7544CB5B05B7FBD902528B /* Pods */ = {
			isa = PBXGroup;
			children = (
				DD88E75E4F9E9FEB1BD1A395 /* Pods-GithubSearch.debug.xcconfig */,
				68789B7A09E039AC9C261ED8 /* Pods-GithubSearch.release.xcconfig */,
			);
			path = Pods;
			sourceTree = "<group>";
		};
		8CBDE635A7681EEF0017736C /* Frameworks */ = {
			isa = PBXGroup;
			children = (
				35E5A222BBD46C83C351551B /* Pods_GithubSearch.framework */,
			);
			name = Frameworks;
			sourceTree = "<group>";
		};
		C0CD998526DF7FE800E1362F = {
			isa = PBXGroup;
			children = (
				C0CD999026DF7FE900E1362F /* GithubSearch */,
				C0CD998F26DF7FE900E1362F /* Products */,
				1E7544CB5B05B7FBD902528B /* Pods */,
				8CBDE635A7681EEF0017736C /* Frameworks */,
			);
			sourceTree = "<group>";
		};
		C0CD998F26DF7FE900E1362F /* Products */ = {
			isa = PBXGroup;
			children = (
				C0CD998E26DF7FE900E1362F /* GithubSearch.app */,
			);
			name = Products;
			sourceTree = "<group>";
		};
		C0CD999026DF7FE900E1362F /* GithubSearch */ = {
			isa = PBXGroup;
			children = (
				C0CD99BC26DF88D700E1362F /* Controllers */,
				C0CD99B726DF88D700E1362F /* ViewModels */,
				C0CD99BA26DF88D700E1362F /* WebService */,
				C0CD99B526DF88D700E1362F /* Models */,
				C0CD99D726DF891D00E1362F /* Common */,
				C0CD99B126DF88D600E1362F /* Animations */,
				C0CD99A526DF88D600E1362F /* Enums */,
				C0CD99AB26DF88D600E1362F /* Extensions */,
				C0CD99AE26DF88D600E1362F /* TableViewCells */,
				C0CD999A26DF7FEC00E1362F /* Assets.xcassets */,
				C0CD999C26DF7FEC00E1362F /* LaunchScreen.storyboard */,
				C0CD999F26DF7FEC00E1362F /* Info.plist */,
			);
			path = GithubSearch;
			sourceTree = "<group>";
		};
		C0CD99A526DF88D600E1362F /* Enums */ = {
			isa = PBXGroup;
			children = (
				C0CD99A626DF88D600E1362F /* LocalizedStringEnum.swift */,
				C0CD99A726DF88D600E1362F /* SegueIdentifierEnum.swift */,
				C0CD99A826DF88D600E1362F /* NibNameEnum.swift */,
				C0CD99A926DF88D600E1362F /* QueryEnum.swift */,
				C0CD99AA26DF88D600E1362F /* ApiUrlEnum.swift */,
			);
			path = Enums;
			sourceTree = "<group>";
		};
		C0CD99AB26DF88D600E1362F /* Extensions */ = {
			isa = PBXGroup;
			children = (
				C0CD99AC26DF88D600E1362F /* String+Extension.swift */,
				C0CD99AD26DF88D600E1362F /* URLComponents+Extension.swift */,
			);
			path = Extensions;
			sourceTree = "<group>";
		};
		C0CD99AE26DF88D600E1362F /* TableViewCells */ = {
			isa = PBXGroup;
			children = (
				C0CD99AF26DF88D600E1362F /* RepositoryCell.swift */,
				C0CD99B026DF88D600E1362F /* RepositoryCell.xib */,
			);
			path = TableViewCells;
			sourceTree = "<group>";
		};
		C0CD99B126DF88D600E1362F /* Animations */ = {
			isa = PBXGroup;
			children = (
				C0CD99B226DF88D600E1362F /* error.json */,
				C0CD99B326DF88D600E1362F /* loading.json */,
				C0CD99B426DF88D600E1362F /* searching.json */,
			);
			path = Animations;
			sourceTree = "<group>";
		};
		C0CD99B526DF88D700E1362F /* Models */ = {
			isa = PBXGroup;
			children = (
				C0CD99B626DF88D700E1362F /* Repository.swift */,
			);
			path = Models;
			sourceTree = "<group>";
		};
		C0CD99B726DF88D700E1362F /* ViewModels */ = {
			isa = PBXGroup;
			children = (
				C0CD99B826DF88D700E1362F /* SearchViewModel.swift */,
				C0CD99B926DF88D700E1362F /* CustomDataSource.swift */,
			);
			path = ViewModels;
			sourceTree = "<group>";
		};
		C0CD99BA26DF88D700E1362F /* WebService */ = {
			isa = PBXGroup;
			children = (
				C0CD99BB26DF88D700E1362F /* APIService.swift */,
			);
			path = WebService;
			sourceTree = "<group>";
		};
		C0CD99BC26DF88D700E1362F /* Controllers */ = {
			isa = PBXGroup;
			children = (
				C0CD99BD26DF88D700E1362F /* Webview */,
				C0CD99C026DF88D700E1362F /* Search */,
			);
			path = Controllers;
			sourceTree = "<group>";
		};
		C0CD99BD26DF88D700E1362F /* Webview */ = {
			isa = PBXGroup;
			children = (
				C0CD99BE26DF88D700E1362F /* WebView.storyboard */,
				C0CD99BF26DF88D700E1362F /* WebViewController.swift */,
			);
			path = Webview;
			sourceTree = "<group>";
		};
		C0CD99C026DF88D700E1362F /* Search */ = {
			isa = PBXGroup;
			children = (
				C0CD99C126DF88D700E1362F /* SearchViewController.swift */,
				C0CD99C226DF88D700E1362F /* Search.storyboard */,
			);
			path = Search;
			sourceTree = "<group>";
		};
		C0CD99D726DF891D00E1362F /* Common */ = {
			isa = PBXGroup;
			children = (
				C0CD999126DF7FE900E1362F /* AppDelegate.swift */,
				C0CD999326DF7FE900E1362F /* SceneDelegate.swift */,
			);
			path = Common;
			sourceTree = "<group>";
		};
/* End PBXGroup section */

/* Begin PBXNativeTarget section */
		C0CD998D26DF7FE900E1362F /* GithubSearch */ = {
			isa = PBXNativeTarget;
			buildConfigurationList = C0CD99A226DF7FEC00E1362F /* Build configuration list for PBXNativeTarget "GithubSearch" */;
			buildPhases = (
				104C5FBD381A4835FBFD96D1 /* [CP] Check Pods Manifest.lock */,
				C0CD998A26DF7FE900E1362F /* Sources */,
				C0CD998B26DF7FE900E1362F /* Frameworks */,
				C0CD998C26DF7FE900E1362F /* Resources */,
				B20C357C06FD3B37699A9131 /* [CP] Embed Pods Frameworks */,
			);
			buildRules = (
			);
			dependencies = (
			);
			name = GithubSearch;
			productName = GithubSearch;
			productReference = C0CD998E26DF7FE900E1362F /* GithubSearch.app */;
			productType = "com.apple.product-type.application";
		};
/* End PBXNativeTarget section */

/* Begin PBXProject section */
		C0CD998626DF7FE800E1362F /* Project object */ = {
			isa = PBXProject;
			attributes = {
				LastSwiftUpdateCheck = 1250;
				LastUpgradeCheck = 1250;
				TargetAttributes = {
					C0CD998D26DF7FE900E1362F = {
						CreatedOnToolsVersion = 12.5.1;
					};
				};
			};
			buildConfigurationList = C0CD998926DF7FE800E1362F /* Build configuration list for PBXProject "GithubSearch" */;
			compatibilityVersion = "Xcode 9.3";
			developmentRegion = en;
			hasScannedForEncodings = 0;
			knownRegions = (
				en,
				Base,
			);
			mainGroup = C0CD998526DF7FE800E1362F;
			productRefGroup = C0CD998F26DF7FE900E1362F /* Products */;
			projectDirPath = "";
			projectRoot = "";
			targets = (
				C0CD998D26DF7FE900E1362F /* GithubSearch */,
			);
		};
/* End PBXProject section */

/* Begin PBXResourcesBuildPhase section */
		C0CD998C26DF7FE900E1362F /* Resources */ = {
			isa = PBXResourcesBuildPhase;
			buildActionMask = 2147483647;
			files = (
				C0CD99CE26DF88D700E1362F /* searching.json in Resources */,
				C0CD99CC26DF88D700E1362F /* error.json in Resources */,
				C0CD99D326DF88D700E1362F /* WebView.storyboard in Resources */,
				C0CD999E26DF7FEC00E1362F /* LaunchScreen.storyboard in Resources */,
				C0CD99D626DF88D700E1362F /* Search.storyboard in Resources */,
				C0CD99CD26DF88D700E1362F /* loading.json in Resources */,
				C0CD999B26DF7FEC00E1362F /* Assets.xcassets in Resources */,
				C0CD99CB26DF88D700E1362F /* RepositoryCell.xib in Resources */,
			);
			runOnlyForDeploymentPostprocessing = 0;
		};
/* End PBXResourcesBuildPhase section */

/* Begin PBXShellScriptBuildPhase section */
		104C5FBD381A4835FBFD96D1 /* [CP] Check Pods Manifest.lock */ = {
			isa = PBXShellScriptBuildPhase;
			buildActionMask = 2147483647;
			files = (
			);
			inputFileListPaths = (
			);
			inputPaths = (
				"${PODS_PODFILE_DIR_PATH}/Podfile.lock",
				"${PODS_ROOT}/Manifest.lock",
			);
			name = "[CP] Check Pods Manifest.lock";
			outputFileListPaths = (
			);
			outputPaths = (
				"$(DERIVED_FILE_DIR)/Pods-GithubSearch-checkManifestLockResult.txt",
			);
			runOnlyForDeploymentPostprocessing = 0;
			shellPath = /bin/sh;
			shellScript = "diff \"${PODS_PODFILE_DIR_PATH}/Podfile.lock\" \"${PODS_ROOT}/Manifest.lock\" > /dev/null\nif [ $? != 0 ] ; then\n    # print error to STDERR\n    echo \"error: The sandbox is not in sync with the Podfile.lock. Run 'pod install' or update your CocoaPods installation.\" >&2\n    exit 1\nfi\n# This output is used by Xcode 'outputs' to avoid re-running this script phase.\necho \"SUCCESS\" > \"${SCRIPT_OUTPUT_FILE_0}\"\n";
			showEnvVarsInLog = 0;
		};
		B20C357C06FD3B37699A9131 /* [CP] Embed Pods Frameworks */ = {
			isa = PBXShellScriptBuildPhase;
			buildActionMask = 2147483647;
			files = (
			);
			inputFileListPaths = (
				"${PODS_ROOT}/Target Support Files/Pods-GithubSearch/Pods-GithubSearch-frameworks-${CONFIGURATION}-input-files.xcfilelist",
			);
			name = "[CP] Embed Pods Frameworks";
			outputFileListPaths = (
				"${PODS_ROOT}/Target Support Files/Pods-GithubSearch/Pods-GithubSearch-frameworks-${CONFIGURATION}-output-files.xcfilelist",
			);
			runOnlyForDeploymentPostprocessing = 0;
			shellPath = /bin/sh;
			shellScript = "\"${PODS_ROOT}/Target Support Files/Pods-GithubSearch/Pods-GithubSearch-frameworks.sh\"\n";
			showEnvVarsInLog = 0;
		};
/* End PBXShellScriptBuildPhase section */

/* Begin PBXSourcesBuildPhase section */
		C0CD998A26DF7FE900E1362F /* Sources */ = {
			isa = PBXSourcesBuildPhase;
			buildActionMask = 2147483647;
			files = (
				C0CD99C426DF88D700E1362F /* SegueIdentifierEnum.swift in Sources */,
				C0CD99D226DF88D700E1362F /* APIService.swift in Sources */,
				C0CD99C826DF88D700E1362F /* String+Extension.swift in Sources */,
				C0CD99D526DF88D700E1362F /* SearchViewController.swift in Sources */,
				C0CD99C626DF88D700E1362F /* QueryEnum.swift in Sources */,
				C0CD99C526DF88D700E1362F /* NibNameEnum.swift in Sources */,
				C0CD99D026DF88D700E1362F /* SearchViewModel.swift in Sources */,
				C0CD99C926DF88D700E1362F /* URLComponents+Extension.swift in Sources */,
				C0CD99D126DF88D700E1362F /* CustomDataSource.swift in Sources */,
				C0CD99CA26DF88D700E1362F /* RepositoryCell.swift in Sources */,
				C0CD999226DF7FE900E1362F /* AppDelegate.swift in Sources */,
				C0CD99C726DF88D700E1362F /* ApiUrlEnum.swift in Sources */,
				C0CD999426DF7FE900E1362F /* SceneDelegate.swift in Sources */,
				C0CD99C326DF88D700E1362F /* LocalizedStringEnum.swift in Sources */,
				C0CD99CF26DF88D700E1362F /* Repository.swift in Sources */,
				C0CD99D426DF88D700E1362F /* WebViewController.swift in Sources */,
			);
			runOnlyForDeploymentPostprocessing = 0;
		};
/* End PBXSourcesBuildPhase section */

/* Begin PBXVariantGroup section */
		C0CD999C26DF7FEC00E1362F /* LaunchScreen.storyboard */ = {
			isa = PBXVariantGroup;
			children = (
				C0CD999D26DF7FEC00E1362F /* Base */,
			);
			name = LaunchScreen.storyboard;
			sourceTree = "<group>";
		};
/* End PBXVariantGroup section */

/* Begin XCBuildConfiguration section */
		C0CD99A026DF7FEC00E1362F /* Debug */ = {
			isa = XCBuildConfiguration;
			buildSettings = {
				ALWAYS_SEARCH_USER_PATHS = NO;
				CLANG_ANALYZER_NONNULL = YES;
				CLANG_ANALYZER_NUMBER_OBJECT_CONVERSION = YES_AGGRESSIVE;
				CLANG_CXX_LANGUAGE_STANDARD = "gnu++14";
				CLANG_CXX_LIBRARY = "libc++";
				CLANG_ENABLE_MODULES = YES;
				CLANG_ENABLE_OBJC_ARC = YES;
				CLANG_ENABLE_OBJC_WEAK = YES;
				CLANG_WARN_BLOCK_CAPTURE_AUTORELEASING = YES;
				CLANG_WARN_BOOL_CONVERSION = YES;
				CLANG_WARN_COMMA = YES;
				CLANG_WARN_CONSTANT_CONVERSION = YES;
				CLANG_WARN_DEPRECATED_OBJC_IMPLEMENTATIONS = YES;
				CLANG_WARN_DIRECT_OBJC_ISA_USAGE = YES_ERROR;
				CLANG_WARN_DOCUMENTATION_COMMENTS = YES;
				CLANG_WARN_EMPTY_BODY = YES;
				CLANG_WARN_ENUM_CONVERSION = YES;
				CLANG_WARN_INFINITE_RECURSION = YES;
				CLANG_WARN_INT_CONVERSION = YES;
				CLANG_WARN_NON_LITERAL_NULL_CONVERSION = YES;
				CLANG_WARN_OBJC_IMPLICIT_RETAIN_SELF = YES;
				CLANG_WARN_OBJC_LITERAL_CONVERSION = YES;
				CLANG_WARN_OBJC_ROOT_CLASS = YES_ERROR;
				CLANG_WARN_QUOTED_INCLUDE_IN_FRAMEWORK_HEADER = YES;
				CLANG_WARN_RANGE_LOOP_ANALYSIS = YES;
				CLANG_WARN_STRICT_PROTOTYPES = YES;
				CLANG_WARN_SUSPICIOUS_MOVE = YES;
				CLANG_WARN_UNGUARDED_AVAILABILITY = YES_AGGRESSIVE;
				CLANG_WARN_UNREACHABLE_CODE = YES;
				CLANG_WARN__DUPLICATE_METHOD_MATCH = YES;
				COPY_PHASE_STRIP = NO;
				DEBUG_INFORMATION_FORMAT = dwarf;
				ENABLE_STRICT_OBJC_MSGSEND = YES;
				ENABLE_TESTABILITY = YES;
				GCC_C_LANGUAGE_STANDARD = gnu11;
				GCC_DYNAMIC_NO_PIC = NO;
				GCC_NO_COMMON_BLOCKS = YES;
				GCC_OPTIMIZATION_LEVEL = 0;
				GCC_PREPROCESSOR_DEFINITIONS = (
					"DEBUG=1",
					"$(inherited)",
				);
				GCC_WARN_64_TO_32_BIT_CONVERSION = YES;
				GCC_WARN_ABOUT_RETURN_TYPE = YES_ERROR;
				GCC_WARN_UNDECLARED_SELECTOR = YES;
				GCC_WARN_UNINITIALIZED_AUTOS = YES_AGGRESSIVE;
				GCC_WARN_UNUSED_FUNCTION = YES;
				GCC_WARN_UNUSED_VARIABLE = YES;
				IPHONEOS_DEPLOYMENT_TARGET = 14.5;
				MTL_ENABLE_DEBUG_INFO = INCLUDE_SOURCE;
				MTL_FAST_MATH = YES;
				ONLY_ACTIVE_ARCH = YES;
				SDKROOT = iphoneos;
				SWIFT_ACTIVE_COMPILATION_CONDITIONS = DEBUG;
				SWIFT_OPTIMIZATION_LEVEL = "-Onone";
			};
			name = Debug;
		};
		C0CD99A126DF7FEC00E1362F /* Release */ = {
			isa = XCBuildConfiguration;
			buildSettings = {
				ALWAYS_SEARCH_USER_PATHS = NO;
				CLANG_ANALYZER_NONNULL = YES;
				CLANG_ANALYZER_NUMBER_OBJECT_CONVERSION = YES_AGGRESSIVE;
				CLANG_CXX_LANGUAGE_STANDARD = "gnu++14";
				CLANG_CXX_LIBRARY = "libc++";
				CLANG_ENABLE_MODULES = YES;
				CLANG_ENABLE_OBJC_ARC = YES;
				CLANG_ENABLE_OBJC_WEAK = YES;
				CLANG_WARN_BLOCK_CAPTURE_AUTORELEASING = YES;
				CLANG_WARN_BOOL_CONVERSION = YES;
				CLANG_WARN_COMMA = YES;
				CLANG_WARN_CONSTANT_CONVERSION = YES;
				CLANG_WARN_DEPRECATED_OBJC_IMPLEMENTATIONS = YES;
				CLANG_WARN_DIRECT_OBJC_ISA_USAGE = YES_ERROR;
				CLANG_WARN_DOCUMENTATION_COMMENTS = YES;
				CLANG_WARN_EMPTY_BODY = YES;
				CLANG_WARN_ENUM_CONVERSION = YES;
				CLANG_WARN_INFINITE_RECURSION = YES;
				CLANG_WARN_INT_CONVERSION = YES;
				CLANG_WARN_NON_LITERAL_NULL_CONVERSION = YES;
				CLANG_WARN_OBJC_IMPLICIT_RETAIN_SELF = YES;
				CLANG_WARN_OBJC_LITERAL_CONVERSION = YES;
				CLANG_WARN_OBJC_ROOT_CLASS = YES_ERROR;
				CLANG_WARN_QUOTED_INCLUDE_IN_FRAMEWORK_HEADER = YES;
				CLANG_WARN_RANGE_LOOP_ANALYSIS = YES;
				CLANG_WARN_STRICT_PROTOTYPES = YES;
				CLANG_WARN_SUSPICIOUS_MOVE = YES;
				CLANG_WARN_UNGUARDED_AVAILABILITY = YES_AGGRESSIVE;
				CLANG_WARN_UNREACHABLE_CODE = YES;
				CLANG_WARN__DUPLICATE_METHOD_MATCH = YES;
				COPY_PHASE_STRIP = NO;
				DEBUG_INFORMATION_FORMAT = "dwarf-with-dsym";
				ENABLE_NS_ASSERTIONS = NO;
				ENABLE_STRICT_OBJC_MSGSEND = YES;
				GCC_C_LANGUAGE_STANDARD = gnu11;
				GCC_NO_COMMON_BLOCKS = YES;
				GCC_WARN_64_TO_32_BIT_CONVERSION = YES;
				GCC_WARN_ABOUT_RETURN_TYPE = YES_ERROR;
				GCC_WARN_UNDECLARED_SELECTOR = YES;
				GCC_WARN_UNINITIALIZED_AUTOS = YES_AGGRESSIVE;
				GCC_WARN_UNUSED_FUNCTION = YES;
				GCC_WARN_UNUSED_VARIABLE = YES;
				IPHONEOS_DEPLOYMENT_TARGET = 14.5;
				MTL_ENABLE_DEBUG_INFO = NO;
				MTL_FAST_MATH = YES;
				SDKROOT = iphoneos;
				SWIFT_COMPILATION_MODE = wholemodule;
				SWIFT_OPTIMIZATION_LEVEL = "-O";
				VALIDATE_PRODUCT = YES;
			};
			name = Release;
		};
		C0CD99A326DF7FEC00E1362F /* Debug */ = {
			isa = XCBuildConfiguration;
			baseConfigurationReference = DD88E75E4F9E9FEB1BD1A395 /* Pods-GithubSearch.debug.xcconfig */;
			buildSettings = {
				ASSETCATALOG_COMPILER_APPICON_NAME = AppIcon;
				ASSETCATALOG_COMPILER_GLOBAL_ACCENT_COLOR_NAME = AccentColor;
				CODE_SIGN_STYLE = Automatic;
				INFOPLIST_FILE = GithubSearch/Info.plist;
				IPHONEOS_DEPLOYMENT_TARGET = 13.0;
				LD_RUNPATH_SEARCH_PATHS = (
					"$(inherited)",
					"@executable_path/Frameworks",
				);
				PRODUCT_BUNDLE_IDENTIFIER = com..GithubSearch;
				PRODUCT_NAME = "$(TARGET_NAME)";
				SWIFT_VERSION = 5.0;
				TARGETED_DEVICE_FAMILY = "1,2";
			};
			name = Debug;
		};
		C0CD99A426DF7FEC00E1362F /* Release */ = {
			isa = XCBuildConfiguration;
			baseConfigurationReference = 68789B7A09E039AC9C261ED8 /* Pods-GithubSearch.release.xcconfig */;
			buildSettings = {
				ASSETCATALOG_COMPILER_APPICON_NAME = AppIcon;
				ASSETCATALOG_COMPILER_GLOBAL_ACCENT_COLOR_NAME = AccentColor;
				CODE_SIGN_STYLE = Automatic;
				INFOPLIST_FILE = GithubSearch/Info.plist;
				IPHONEOS_DEPLOYMENT_TARGET = 13.0;
				LD_RUNPATH_SEARCH_PATHS = (
					"$(inherited)",
					"@executable_path/Frameworks",
				);
				PRODUCT_BUNDLE_IDENTIFIER = com..GithubSearch;
				PRODUCT_NAME = "$(TARGET_NAME)";
				SWIFT_VERSION = 5.0;
				TARGETED_DEVICE_FAMILY = "1,2";
			};
			name = Release;
		};
/* End XCBuildConfiguration section */

/* Begin XCConfigurationList section */
		C0CD998926DF7FE800E1362F /* Build configuration list for PBXProject "GithubSearch" */ = {
			isa = XCConfigurationList;
			buildConfigurations = (
				C0CD99A026DF7FEC00E1362F /* Debug */,
				C0CD99A126DF7FEC00E1362F /* Release */,
			);
			defaultConfigurationIsVisible = 0;
			defaultConfigurationName = Release;
		};
		C0CD99A226DF7FEC00E1362F /* Build configuration list for PBXNativeTarget "GithubSearch" */ = {
			isa = XCConfigurationList;
			buildConfigurations = (
				C0CD99A326DF7FEC00E1362F /* Debug */,
				C0CD99A426DF7FEC00E1362F /* Release */,
			);
			defaultConfigurationIsVisible = 0;
			defaultConfigurationName = Release;
		};
/* End XCConfigurationList section */
	};
	rootObject = C0CD998626DF7FE800E1362F /* Project object */;
}
